
Microsoft Visual Studio Solution File, Format Version 12.00
# Visual Studio 15
VisualStudioVersion = 15.0.28307.960
MinimumVisualStudioVersion = 10.0.40219.1
Project("{FAE04EC0-301F-11D3-BF4B-00C04F79EFBC}") = "GitApplication", "GitApplication\GitApplication.csproj", "{6A11DB26-F6EC-46CC-AF12-134592E075DB}"
EndProject
Global
	GlobalSection(SolutionConfigurationPlatforms) = preSolution
		Debug|Any CPU = Debug|Any CPU
		Release|Any CPU = Release|Any CPU
	EndGlobalSection
	GlobalSection(ProjectConfigurationPlatforms) = postSolution
		{6A11DB26-F6EC-46CC-AF12-134592E075DB}.Debug|Any CPU.ActiveCfg = Debug|Any CPU
		{6A11DB26-F6EC-46CC-AF12-134592E075DB}.Debug|Any CPU.Build.0 = Debug|Any CPU
		{6A11DB26-F6EC-46CC-AF12-134592E075DB}.Release|Any CPU.ActiveCfg = Release|Any CPU
		{6A11DB26-F6EC-46CC-AF12-134592E075DB}.Release|Any CPU.Build.0 = Release|Any CPU
	EndGlobalSection
	GlobalSection(SolutionProperties) = preSolution
		HideSolutionNode = FALSE
	EndGlobalSection
	GlobalSection(ExtensibilityGlobals) = postSolution
		SolutionGuid = {3CDBBFCF-6690-47AD-BE6B-3DAC05ACCED3}
	EndGlobalSection
EndGlobal
